
Microsoft Visual Studio Solution File, Format Version 12.00
# Visual Studio Version 16
VisualStudioVersion = 16.0.29920.165
MinimumVisualStudioVersion = 10.0.40219.1
Project("{FAE04EC0-301F-11D3-BF4B-00C04F79EFBC}") = "FilmsChampions", "FilmsChampions.csproj", "{7C8F5650-156E-4896-AC86-C7C3299684D9}"
EndProject
Global
	GlobalSection(SolutionConfigurationPlatforms) = preSolution
		Debug|Any CPU = Debug|Any CPU
		Release|Any CPU = Release|Any CPU
	EndGlobalSection
	GlobalSection(ProjectConfigurationPlatforms) = postSolution
		{7C8F5650-156E-4896-AC86-C7C3299684D9}.Debug|Any CPU.ActiveCfg = Debug|Any CPU
		{7C8F5650-156E-4896-AC86-C7C3299684D9}.Debug|Any CPU.Build.0 = Debug|Any CPU
		{7C8F5650-156E-4896-AC86-C7C3299684D9}.Release|Any CPU.ActiveCfg = Release|Any CPU
		{7C8F5650-156E-4896-AC86-C7C3299684D9}.Release|Any CPU.Build.0 = Release|Any CPU
	EndGlobalSection
	GlobalSection(SolutionProperties) = preSolution
		HideSolutionNode = FALSE
	EndGlobalSection
	GlobalSection(ExtensibilityGlobals) = postSolution
		SolutionGuid = {AEAFA7CF-1114-4396-BA7A-3F87DCB40E64}
	EndGlobalSection
EndGlobal
